{
  "version": "5",
  "specifiers": {
    "jsr:@std/assert@1": "1.0.19",
    "jsr:@std/crypto@1": "1.1.0",
    "jsr:@std/internal@^1.0.12": "1.0.14"
  },
  "jsr": {
    "@std/assert@1.0.19": {
      "integrity": "eaada96ee120cb980bc47e040f82814d786fe8162ecc53c91d8df60b8755991e",
      "dependencies": [
        "jsr:@std/internal"
      ]
    },
    "@std/crypto@1.1.0": {
      "integrity": "b8d6d0a6377a32b213af2661ed7bf1062d94feac0c57def5526a8e74a95c3ec8"
    },
    "@std/internal@1.0.14": {
      "integrity": "291516b3d4c35024d6ffbc0a9df5bf4c64116e05b50012cf846710152d2ffdf7"
    }
  },
  "redirects": {
    "https://esm.sh/@selderee/plugin-htmlparser2@^0.11.0?target=denonext": "https://esm.sh/@selderee/plugin-htmlparser2@0.11.0?target=denonext",
    "https://esm.sh/@supabase/supabase-js@2": "https://esm.sh/@supabase/supabase-js@2.110.6",
    "https://esm.sh/@types/html-to-text@~9.0.4/index.d.ts": "https://esm.sh/@types/html-to-text@9.0.4/index.d.ts",
    "https://esm.sh/@types/react-dom@~19.2.3/server.d.ts": "https://esm.sh/@types/react-dom@19.2.3/server.d.ts",
    "https://esm.sh/@types/react@~19.2.14/index.d.ts": "https://esm.sh/@types/react@19.2.17/index.d.ts",
    "https://esm.sh/@types/react@~19.2.14/jsx-runtime.d.ts": "https://esm.sh/@types/react@19.2.17/jsx-runtime.d.ts",
    "https://esm.sh/deepmerge@^4.3.1?target=denonext": "https://esm.sh/deepmerge@4.3.1?target=denonext",
    "https://esm.sh/dom-serializer@^2.0.0?target=denonext": "https://esm.sh/dom-serializer@2.0.0?target=denonext",
    "https://esm.sh/domelementtype@^2.3.0?target=denonext": "https://esm.sh/domelementtype@2.3.0?target=denonext",
    "https://esm.sh/domhandler@^5.0.3?target=denonext": "https://esm.sh/domhandler@5.0.3?target=denonext",
    "https://esm.sh/domutils@^3.0.1?target=denonext": "https://esm.sh/domutils@3.2.2?target=denonext",
    "https://esm.sh/entities@^4.2.0?target=denonext": "https://esm.sh/entities@4.5.0?target=denonext",
    "https://esm.sh/entities@^4.4.0/lib/decode?target=denonext": "https://esm.sh/entities@4.5.0/lib/decode?target=denonext",
    "https://esm.sh/html-to-text@^9.0.5?target=denonext": "https://esm.sh/html-to-text@9.0.5?target=denonext",
    "https://esm.sh/htmlparser2@^8.0.2?target=denonext": "https://esm.sh/htmlparser2@8.0.2?target=denonext",
    "https://esm.sh/iceberg-js@^0.8.1?target=denonext": "https://esm.sh/iceberg-js@0.8.1?target=denonext",
    "https://esm.sh/leac@^0.6.0?target=denonext": "https://esm.sh/leac@0.6.0?target=denonext",
    "https://esm.sh/parseley@^0.12.0?target=denonext": "https://esm.sh/parseley@0.12.1?target=denonext",
    "https://esm.sh/peberminta@^0.9.0?target=denonext": "https://esm.sh/peberminta@0.9.0?target=denonext",
    "https://esm.sh/prettier@^3.5.3/plugins/html?target=denonext": "https://esm.sh/prettier@3.9.6/plugins/html?target=denonext",
    "https://esm.sh/prettier@^3.5.3/standalone?target=denonext": "https://esm.sh/prettier@3.9.6/standalone?target=denonext",
    "https://esm.sh/react-dom@^19.2.0-canary-f7396427-20250501/server?target=denonext": "https://esm.sh/react-dom@19.3.0-canary-fef12a01-20260413/server?target=denonext",
    "https://esm.sh/react@^19.2.0-canary-f7396427-20250501/jsx-runtime?target=denonext": "https://esm.sh/react@19.3.0-canary-fef12a01-20260413/jsx-runtime?target=denonext",
    "https://esm.sh/react@^19.2.0-canary-f7396427-20250501?target=denonext": "https://esm.sh/react@19.3.0-canary-fef12a01-20260413?target=denonext",
    "https://esm.sh/resend@4": "https://esm.sh/resend@4.8.0",
    "https://esm.sh/selderee@^0.11.0?target=denonext": "https://esm.sh/selderee@0.11.0?target=denonext"
  },
  "remote": {
    "https://esm.sh/@react-email/render@1.1.2/denonext/render.mjs": "d5dc0490b8a1e5f17373bfc553521d217ba749778cefc813ea05a0b2673ef3c6",
    "https://esm.sh/@selderee/plugin-htmlparser2@0.11.0/denonext/plugin-htmlparser2.mjs": "bf215c5e29a046da720be2ba856316197ccd53291f42030e947f3df49d8a93e4",
    "https://esm.sh/@selderee/plugin-htmlparser2@0.11.0?target=denonext": "1b642b94e690ea7e82b72aab470d89548cc2e32fd6a1603afec94f67c800b7db",
    "https://esm.sh/@supabase/auth-js@2.110.6/denonext/auth-js.mjs": "66af9b3d5bc76ec2db46959ff01ba1dc8e748bb9d6386594d0eb5bd20cf9c409",
    "https://esm.sh/@supabase/functions-js@2.110.6/denonext/functions-js.mjs": "7a2daca564e8c3d99d5b67f378569b8b7c56bee5729827d55e35129446e553fb",
    "https://esm.sh/@supabase/phoenix@0.4.4/denonext/phoenix.mjs": "2c4954292d10fd9137d66a1b7abd73bf24f9771a444c3d4e267b12e1e2b132c8",
    "https://esm.sh/@supabase/postgrest-js@2.110.6/denonext/postgrest-js.mjs": "4af7fce6e27f20ccbb6c960fc29242a93a0d5464f675f49ccc5b6f5acb46d43c",
    "https://esm.sh/@supabase/realtime-js@2.110.6/denonext/realtime-js.mjs": "0918b8788cf3335243465f9276554b2255cbd88c75ea20b6a74ef57883bcaf07",
    "https://esm.sh/@supabase/storage-js@2.110.6/denonext/storage-js.mjs": "99b17a61f8c238924ac8942424817696027e5e91f2bac8134c24d986c2b2f22c",
    "https://esm.sh/@supabase/supabase-js@2.110.6": "c7330c52c7c1b6215fd602626401ab0ff93bc7a7b75c77ffa80497de1a1733ee",
    "https://esm.sh/@supabase/supabase-js@2.110.6/denonext/supabase-js.mjs": "fa1229601c831cb925c831b6b5b719c41d47520d2053721dc9db519d659a8cbc",
    "https://esm.sh/deepmerge@4.3.1/denonext/deepmerge.mjs": "1f448aaa83a52514faecb2edc02eb766c9eb10b935b9ac4c1c2a877a0bb56b80",
    "https://esm.sh/deepmerge@4.3.1?target=denonext": "a8faef33b536441a2c63f8c967d160848eb1f898a8e83a35a9f0623ecd9063d3",
    "https://esm.sh/dom-serializer@2.0.0/denonext/dom-serializer.mjs": "545028b1d2c25bae5cbfe6930a28a2e4f7f05e1a0d09bbd0f3f5f9a33df8e3bd",
    "https://esm.sh/dom-serializer@2.0.0?target=denonext": "1626b2b8326556ea2816b5f9bf7522bc9581d545fd9ad117c066ab7a5ff1fb89",
    "https://esm.sh/domelementtype@2.3.0/denonext/domelementtype.mjs": "4f3b57348729cd517560139eb1969ca2fe9cc58c5188abe56e7336d5cb557cc0",
    "https://esm.sh/domelementtype@2.3.0?target=denonext": "2beb2a1e3d18892a9b00ef9528811b93f613a77d2b6fb25376ec0f109ac48a4f",
    "https://esm.sh/domhandler@5.0.3/denonext/domhandler.mjs": "3fb258a3d79bc9066a568bb6b09ce946d1fcfa2636a24ae80a4db220956e0873",
    "https://esm.sh/domhandler@5.0.3?target=denonext": "298fde249b7bff9e80667cfe643e7d4b390871b77b0928d086ce4c0b8fc570e2",
    "https://esm.sh/domutils@3.2.2/denonext/domutils.mjs": "f0b4e80e73810ed6f3d8c4e1822feef89208f32c88b6024a84328d02f5f77c40",
    "https://esm.sh/domutils@3.2.2?target=denonext": "7e487176c61dfd1dfdbcfd1195e7329a64f53421511561b69c570a6cff0a6167",
    "https://esm.sh/entities@4.5.0/denonext/entities.mjs": "4a9306e4021ae1079e83b5db26e1678c536fa69c8f2839802bc3cc43282cef08",
    "https://esm.sh/entities@4.5.0/denonext/lib/decode.mjs": "ef22e25f6bca668e40c4f7d4ecaebe2172a833a18372d55b54f997d0d8702dcd",
    "https://esm.sh/entities@4.5.0/denonext/lib/escape.mjs": "116aef78e5ff05efa6f79851b8b59da025ab88f5c25d2262f73df98f4d57c3fa",
    "https://esm.sh/entities@4.5.0/lib/decode?target=denonext": "488bc8401a0c85a76527d61a41352c5371904aeda57a136eb10ccfadcd2f7c8c",
    "https://esm.sh/entities@4.5.0?target=denonext": "f6bc559c07f40e94b3ef50f0b24e2666a2258db3b6697bf4da8fd2fc014ef7a1",
    "https://esm.sh/html-to-text@9.0.5/denonext/html-to-text.mjs": "9e7f8db5407f0832d5c164f9ae7532abbea169f513b52bf57bf480e90e59a0e6",
    "https://esm.sh/html-to-text@9.0.5?target=denonext": "c4f797865163d85d037f8bb64c8daca2b5f79e4065b889b2c60521568f3b5f8b",
    "https://esm.sh/htmlparser2@8.0.2/denonext/htmlparser2.mjs": "c0be0f190e625b82e88378875016f820a38d586e9c885d37e3dd2073a4f0fdfb",
    "https://esm.sh/htmlparser2@8.0.2/denonext/lib/esm/Parser.mjs": "d58fb2f87f8fead8e7ac03c544690908b4db21ab0513415b0cfe9311ab31aaa3",
    "https://esm.sh/htmlparser2@8.0.2/denonext/lib/esm/Tokenizer.mjs": "09109e601c7acd75b99c2a34e53e339a46301d9937e1495eaca8f9019a7b3040",
    "https://esm.sh/htmlparser2@8.0.2?target=denonext": "fd3edaa58a00e79f11b3510cc3930c9f5345486cdcc52c0afe24bbb36aece028",
    "https://esm.sh/iceberg-js@0.8.1/denonext/iceberg-js.mjs": "d839d81a2e3966500ca2cdd0c1cb458e9608bacfc91f7bb67a69b2e878dcdb4f",
    "https://esm.sh/iceberg-js@0.8.1?target=denonext": "58c849d7fe2bf4eca4a84eb501e83c161a7d8c34ca1bec15a962b3bec3062633",
    "https://esm.sh/leac@0.6.0/denonext/leac.mjs": "b73a34f6c2983d85de3604535ae223a31756ae8470e7d350ec4703659b776032",
    "https://esm.sh/leac@0.6.0?target=denonext": "49d9cd25ff3a0658f687f430fb60ae79811a6ba3db8f6d2d243274d789ff6013",
    "https://esm.sh/parseley@0.12.1/denonext/parseley.mjs": "adb641dd0790c5f80caccae1d12029aa5434498368eea27696e9e3d5dcd0b835",
    "https://esm.sh/parseley@0.12.1?target=denonext": "8169d6a6a0345226dc65fed2b195413c2bc863348afa61ce31f5bf4730299a1a",
    "https://esm.sh/peberminta@0.9.0/denonext/lib/util.mjs": "ab48ab5eead902341c9f2209db7881d58f9ad2eeac75d62b02bd8fc3c2b96df5",
    "https://esm.sh/peberminta@0.9.0/denonext/peberminta.mjs": "b9e30d34531689bfa87bdd584c19732de2b40a7fb9c87a8dd083b24ccce9199f",
    "https://esm.sh/peberminta@0.9.0?target=denonext": "021e477cef449a6078dec84f778954407b9a913315dc72e5c42eee18db590843",
    "https://esm.sh/prettier@3.9.6/denonext/doc.mjs": "86a48d99e2ed2119ee786f367db198a43faf1d44785fac6096a3273aa7e8ca60",
    "https://esm.sh/prettier@3.9.6/denonext/plugins/acorn.mjs": "2c27e50568c42ea059725e0470c833272c4e8289c39e49e133c81bdd5ede23ec",
    "https://esm.sh/prettier@3.9.6/denonext/plugins/angular.mjs": "0e896d851339d6ddfacc193bf60da4f9144a96ae2a4a5a091497259894ab4e27",
    "https://esm.sh/prettier@3.9.6/denonext/plugins/babel.mjs": "c337023c938ee5495806304baa31546dee85f466367439fc9872f6973dc415f6",
    "https://esm.sh/prettier@3.9.6/denonext/plugins/estree.mjs": "a5b5bcf6bf55af8adfafaddac3e133c360cf8237ae15ac40a4bb58d5f87c8382",
    "https://esm.sh/prettier@3.9.6/denonext/plugins/flow.mjs": "5de93888eee30eebd9f48e8e4e142a14c04753105e7f19860c5cfd1aee135a0f",
    "https://esm.sh/prettier@3.9.6/denonext/plugins/glimmer.mjs": "fe3de1c9cfda5511d0203ef6d3d0f9e48b1e6b3482026d34c1e1ecb420f459e7",
    "https://esm.sh/prettier@3.9.6/denonext/plugins/graphql.mjs": "7ebdb596d78f7b867ec5a20d8edb45b396b922080ed473938e7885de51cc9120",
    "https://esm.sh/prettier@3.9.6/denonext/plugins/html.mjs": "b5109716253a05ee95c4459c38a3aac44ed9ad3a3fcb9b63ac9099a54a253e6a",
    "https://esm.sh/prettier@3.9.6/denonext/plugins/markdown.mjs": "9339646daf20ac77e581da9e1ed4948f53521cab97e2e1d079dac84df013d7dc",
    "https://esm.sh/prettier@3.9.6/denonext/plugins/meriyah.mjs": "f4c245ebdd1c38fb9e76895e191ef73ad26f625e627eff9003861a1cd8dae970",
    "https://esm.sh/prettier@3.9.6/denonext/plugins/postcss.mjs": "cdbf89c1f19e11377c1996ea2b54b82f47f1e2a547176befe6b47e622a312318",
    "https://esm.sh/prettier@3.9.6/denonext/plugins/typescript.mjs": "7d5c8f25ff1384c0d963dd7d7f5b8c1b67dc437314a8b8253c01d7dd6dd5a520",
    "https://esm.sh/prettier@3.9.6/denonext/plugins/yaml.mjs": "10efb9c608ce3a92b5d40b570916c4b6a561891ee8da5ea9d1892ab86bf47915",
    "https://esm.sh/prettier@3.9.6/denonext/prettier.mjs": "8d6703ffb872143d4bfe7d15590e5d2b87eb42f6c3f964223ecb592c31e4a8bd",
    "https://esm.sh/prettier@3.9.6/plugins/html?target=denonext": "4590001923ad6e2cf324dd2e8d6470752db1b3d845b7980ef8611b48d6ade32a",
    "https://esm.sh/prettier@3.9.6/standalone?target=denonext": "c04aab86ae1b19c8e50e03e726663262f0bb7546fb7114a91e78c8d715c2f4ed",
    "https://esm.sh/react-dom@19.3.0-canary-fef12a01-20260413/denonext/cjs/react-dom-server.node.production.mjs": "2cbaf97eb355caf8ab719862a99bcfe85febd3d61aa80637d44bb2b652b63aa4",
    "https://esm.sh/react-dom@19.3.0-canary-fef12a01-20260413/denonext/react-dom.mjs": "712b597166f832321ea26df29680695e7d4095fd9f9ba3a33ff77cb78447358c",
    "https://esm.sh/react-dom@19.3.0-canary-fef12a01-20260413/denonext/server.mjs": "b8fcd23187810959623f9e5f87000a7463e3b7e79debf36bdf1d3f8106761cb7",
    "https://esm.sh/react-dom@19.3.0-canary-fef12a01-20260413/server?target=denonext": "837ae6c59ef5f4eb30102e35f58bd32a9cc353fb64594162e9016a927af99c45",
    "https://esm.sh/react@19.3.0-canary-fef12a01-20260413/denonext/jsx-runtime.mjs": "46b8fe740b10ea007a30ec6c7baf5f7bd94179439515418b8aa2190aa8965c5e",
    "https://esm.sh/react@19.3.0-canary-fef12a01-20260413/denonext/react.mjs": "2633118c04c10e227d52949eb02e1761a4ca589e6c4ed5feebff332c434fbc30",
    "https://esm.sh/react@19.3.0-canary-fef12a01-20260413/jsx-runtime?target=denonext": "b48cacba08db25c6eb7c04daf669eb560911d51730dbf96b0793c6dca23a448e",
    "https://esm.sh/react@19.3.0-canary-fef12a01-20260413?target=denonext": "1ae3ffc7e39f81a459c9cb24abaef5c061e26e69297b15ad28db32b32ff178e7",
    "https://esm.sh/resend@4.8.0": "bca13a4843c1b7272d9da19bd7c8659237999743e8005bc16a8475ef5985e2e5",
    "https://esm.sh/resend@4.8.0/denonext/resend.mjs": "fc0084f2c659ee49b8dacb6cdb9f444253d5c45bd67a36f8b25685f93ee806ba",
    "https://esm.sh/selderee@0.11.0/denonext/selderee.mjs": "7cd55f556e21df07f094dc04a9a3b19f56f4b0781c92aebfb5fbda7536fc167d",
    "https://esm.sh/selderee@0.11.0?target=denonext": "30cf39b226588a56ac350c58aa59db26137ad7a6c609f02689718bbfd389a618",
    "https://esm.sh/tslib@2.8.1/denonext/tslib.mjs": "c38da5dd6da6281964435002ce204cd586634fe3bdfb24a0ee116f48cf3292e9"
  },
  "workspace": {
    "packageJson": {
      "dependencies": [
        "npm:@eslint/js@^9.17.0",
        "npm:@sparticuz/chromium@149",
        "npm:@supabase/supabase-js@^2.43.0",
        "npm:@types/node@^22.10.0",
        "npm:@types/react-dom@^18.3.0",
        "npm:@types/react@^18.3.1",
        "npm:@vercel/edge@^1.2.1",
        "npm:@vercel/og@~0.6.4",
        "npm:@vitejs/plugin-react@^4.3.0",
        "npm:date-fns@^3.6.0",
        "npm:dotenv@^16.4.5",
        "npm:eslint-plugin-react-hooks@^5.1.0",
        "npm:eslint-plugin-react-refresh@~0.4.16",
        "npm:eslint-plugin-react@^7.37.2",
        "npm:eslint@^9.17.0",
        "npm:globals@^15.14.0",
        "npm:maplibre-gl@^5.6.0",
        "npm:proj4@^2.11.0",
        "npm:puppeteer@^25.0.4",
        "npm:react-dom@^18.3.1",
        "npm:react-ga4@^3.0.1",
        "npm:react-helmet-async@3",
        "npm:react-map-gl@^8.1.0",
        "npm:react-router-dom@^6.23.1",
        "npm:react@^18.3.1",
        "npm:shapefile@~0.6.6",
        "npm:supabase@^2.84.7",
        "npm:typescript-eslint@^8.18.0",
        "npm:typescript@^5.7.2",
        "npm:vite-plugin-pwa@^1.3.0",
        "npm:vite@^5.2.11"
      ]
    }
  }
}
